
Microsoft Visual Studio Solution File, Format Version 11.00
# Visual Studio 2010
Project("{8BC9CEB8-8B4A-11D0-8D11-00A0C91BC942}") = "game_map", "game_map\game_map.vcxproj", "{F0CAFF9C-171A-4C66-892B-6E93B52A7620}"
EndProject
Global
	GlobalSection(SolutionConfigurationPlatforms) = preSolution
		Debug|Win32 = Debug|Win32
		Release|Win32 = Release|Win32
	EndGlobalSection
	GlobalSection(ProjectConfigurationPlatforms) = postSolution
		{F0CAFF9C-171A-4C66-892B-6E93B52A7620}.Debug|Win32.ActiveCfg = Debug|Win32
		{F0CAFF9C-171A-4C66-892B-6E93B52A7620}.Debug|Win32.Build.0 = Debug|Win32
		{F0CAFF9C-171A-4C66-892B-6E93B52A7620}.Release|Win32.ActiveCfg = Release|Win32
		{F0CAFF9C-171A-4C66-892B-6E93B52A7620}.Release|Win32.Build.0 = Release|Win32
	EndGlobalSection
	GlobalSection(SolutionProperties) = preSolution
		HideSolutionNode = FALSE
	EndGlobalSection
EndGlobal
